
Microsoft Visual Studio Solution File, Format Version 12.00
# Visual Studio Version 17
VisualStudioVersion = 17.3.32901.215
MinimumVisualStudioVersion = 10.0.40219.1
Project("{FAE04EC0-301F-11D3-BF4B-00C04F79EFBC}") = "PictureViewer", "PictureViewer\PictureViewer.csproj", "{220F9E97-6A2E-4640-B10E-FA829CDD7647}"
EndProject
Global
	GlobalSection(SolutionConfigurationPlatforms) = preSolution
		Debug|Any CPU = Debug|Any CPU
		Release|Any CPU = Release|Any CPU
	EndGlobalSection
	GlobalSection(ProjectConfigurationPlatforms) = postSolution
		{220F9E97-6A2E-4640-B10E-FA829CDD7647}.Debug|Any CPU.ActiveCfg = Debug|Any CPU
		{220F9E97-6A2E-4640-B10E-FA829CDD7647}.Debug|Any CPU.Build.0 = Debug|Any CPU
		{220F9E97-6A2E-4640-B10E-FA829CDD7647}.Release|Any CPU.ActiveCfg = Release|Any CPU
		{220F9E97-6A2E-4640-B10E-FA829CDD7647}.Release|Any CPU.Build.0 = Release|Any CPU
	EndGlobalSection
	GlobalSection(SolutionProperties) = preSolution
		HideSolutionNode = FALSE
	EndGlobalSection
	GlobalSection(ExtensibilityGlobals) = postSolution
		SolutionGuid = {18A209DC-C2AA-4FAF-A4E1-D3A6602AFA91}
	EndGlobalSection
EndGlobal
